
Microsoft Visual Studio Solution File, Format Version 12.00
# Visual Studio Version 17
VisualStudioVersion = 17.11.35222.181
MinimumVisualStudioVersion = 10.0.40219.1
Project("{FAE04EC0-301F-11D3-BF4B-00C04F79EFBC}") = "A01", "A01\A01.csproj", "{E358D243-03B0-46AE-B583-D747308F5A8F}"
EndProject
Global
	GlobalSection(SolutionConfigurationPlatforms) = preSolution
		Debug|Any CPU = Debug|Any CPU
		Release|Any CPU = Release|Any CPU
	EndGlobalSection
	GlobalSection(ProjectConfigurationPlatforms) = postSolution
		{E358D243-03B0-46AE-B583-D747308F5A8F}.Debug|Any CPU.ActiveCfg = Debug|Any CPU
		{E358D243-03B0-46AE-B583-D747308F5A8F}.Debug|Any CPU.Build.0 = Debug|Any CPU
		{E358D243-03B0-46AE-B583-D747308F5A8F}.Release|Any CPU.ActiveCfg = Release|Any CPU
		{E358D243-03B0-46AE-B583-D747308F5A8F}.Release|Any CPU.Build.0 = Release|Any CPU
	EndGlobalSection
	GlobalSection(SolutionProperties) = preSolution
		HideSolutionNode = FALSE
	EndGlobalSection
	GlobalSection(ExtensibilityGlobals) = postSolution
		SolutionGuid = {49B6F66F-1C4C-470D-87FE-F72A4547C8A6}
	EndGlobalSection
EndGlobal
